
Microsoft Visual Studio Solution File, Format Version 12.00
Project("{FAE04EC0-301F-11D3-BF4B-00C04F79EFBC}") = "BettingAgency.Api", "BettingAgency.Api\BettingAgency.Api.csproj", "{9E9D2D89-4EFE-4204-B887-0D02C53C364A}"
EndProject
Project("{FAE04EC0-301F-11D3-BF4B-00C04F79EFBC}") = "BettingAgency.Application.Abstraction", "BettingAgency.Application.Abstraction\BettingAgency.Application.Abstraction.csproj", "{E394161A-7A97-453A-8534-A83F2646BB92}"
EndProject
Project("{FAE04EC0-301F-11D3-BF4B-00C04F79EFBC}") = "BettingAgency.Application", "BettingAgency.Application\BettingAgency.Application.csproj", "{DB5EA518-B87F-479C-AFF7-89DE8B268BE8}"
EndProject
Global
	GlobalSection(SolutionConfigurationPlatforms) = preSolution
		Debug|Any CPU = Debug|Any CPU
		Release|Any CPU = Release|Any CPU
	EndGlobalSection
	GlobalSection(ProjectConfigurationPlatforms) = postSolution
		{9E9D2D89-4EFE-4204-B887-0D02C53C364A}.Debug|Any CPU.ActiveCfg = Debug|Any CPU
		{9E9D2D89-4EFE-4204-B887-0D02C53C364A}.Debug|Any CPU.Build.0 = Debug|Any CPU
		{9E9D2D89-4EFE-4204-B887-0D02C53C364A}.Release|Any CPU.ActiveCfg = Release|Any CPU
		{9E9D2D89-4EFE-4204-B887-0D02C53C364A}.Release|Any CPU.Build.0 = Release|Any CPU
		{E394161A-7A97-453A-8534-A83F2646BB92}.Debug|Any CPU.ActiveCfg = Debug|Any CPU
		{E394161A-7A97-453A-8534-A83F2646BB92}.Debug|Any CPU.Build.0 = Debug|Any CPU
		{E394161A-7A97-453A-8534-A83F2646BB92}.Release|Any CPU.ActiveCfg = Release|Any CPU
		{E394161A-7A97-453A-8534-A83F2646BB92}.Release|Any CPU.Build.0 = Release|Any CPU
		{DB5EA518-B87F-479C-AFF7-89DE8B268BE8}.Debug|Any CPU.ActiveCfg = Debug|Any CPU
		{DB5EA518-B87F-479C-AFF7-89DE8B268BE8}.Debug|Any CPU.Build.0 = Debug|Any CPU
		{DB5EA518-B87F-479C-AFF7-89DE8B268BE8}.Release|Any CPU.ActiveCfg = Release|Any CPU
		{DB5EA518-B87F-479C-AFF7-89DE8B268BE8}.Release|Any CPU.Build.0 = Release|Any CPU
	EndGlobalSection
EndGlobal
